
Microsoft Visual Studio Solution File, Format Version 12.00
# Visual Studio 15
VisualStudioVersion = 15.0.28307.757
MinimumVisualStudioVersion = 10.0.40219.1
Project("{FAE04EC0-301F-11D3-BF4B-00C04F79EFBC}") = "Insurance.Policies", "Insurance.Policies\Insurance.Policies.csproj", "{5A0F3816-AF92-416C-9821-F316F679CA3E}"
EndProject
Project("{FAE04EC0-301F-11D3-BF4B-00C04F79EFBC}") = "Insurance.Policies.Domain", "Insurance.Policies.Domain\Insurance.Policies.Domain.csproj", "{00BC8E78-7ACB-4D37-8EDD-408230A75BA2}"
EndProject
Project("{FAE04EC0-301F-11D3-BF4B-00C04F79EFBC}") = "Insurance.Policies.Infraestructure", "Insurance.Policies.Infraestructure\Insurance.Policies.Infraestructure.csproj", "{50289ED3-0D46-41A5-B934-76E059DFABFF}"
EndProject
Project("{FAE04EC0-301F-11D3-BF4B-00C04F79EFBC}") = "Insurance.Policies.Test", "Insurance.Policies.Test\Insurance.Policies.Test.csproj", "{276F6041-D3AC-4D7D-A1CD-76A65AEC752C}"
EndProject
Project("{FAE04EC0-301F-11D3-BF4B-00C04F79EFBC}") = "Insurance.Policies.Utilities", "Insurance.Policies.Utilities\Insurance.Policies.Utilities.csproj", "{DCD93EB5-6CCE-461D-9148-0386CD230B2D}"
EndProject
Global
	GlobalSection(SolutionConfigurationPlatforms) = preSolution
		Debug|Any CPU = Debug|Any CPU
		Release|Any CPU = Release|Any CPU
	EndGlobalSection
	GlobalSection(ProjectConfigurationPlatforms) = postSolution
		{5A0F3816-AF92-416C-9821-F316F679CA3E}.Debug|Any CPU.ActiveCfg = Debug|Any CPU
		{5A0F3816-AF92-416C-9821-F316F679CA3E}.Debug|Any CPU.Build.0 = Debug|Any CPU
		{5A0F3816-AF92-416C-9821-F316F679CA3E}.Release|Any CPU.ActiveCfg = Release|Any CPU
		{5A0F3816-AF92-416C-9821-F316F679CA3E}.Release|Any CPU.Build.0 = Release|Any CPU
		{00BC8E78-7ACB-4D37-8EDD-408230A75BA2}.Debug|Any CPU.ActiveCfg = Debug|Any CPU
		{00BC8E78-7ACB-4D37-8EDD-408230A75BA2}.Debug|Any CPU.Build.0 = Debug|Any CPU
		{00BC8E78-7ACB-4D37-8EDD-408230A75BA2}.Release|Any CPU.ActiveCfg = Release|Any CPU
		{00BC8E78-7ACB-4D37-8EDD-408230A75BA2}.Release|Any CPU.Build.0 = Release|Any CPU
		{50289ED3-0D46-41A5-B934-76E059DFABFF}.Debug|Any CPU.ActiveCfg = Debug|Any CPU
		{50289ED3-0D46-41A5-B934-76E059DFABFF}.Debug|Any CPU.Build.0 = Debug|Any CPU
		{50289ED3-0D46-41A5-B934-76E059DFABFF}.Release|Any CPU.ActiveCfg = Release|Any CPU
		{50289ED3-0D46-41A5-B934-76E059DFABFF}.Release|Any CPU.Build.0 = Release|Any CPU
		{276F6041-D3AC-4D7D-A1CD-76A65AEC752C}.Debug|Any CPU.ActiveCfg = Debug|Any CPU
		{276F6041-D3AC-4D7D-A1CD-76A65AEC752C}.Debug|Any CPU.Build.0 = Debug|Any CPU
		{276F6041-D3AC-4D7D-A1CD-76A65AEC752C}.Release|Any CPU.ActiveCfg = Release|Any CPU
		{276F6041-D3AC-4D7D-A1CD-76A65AEC752C}.Release|Any CPU.Build.0 = Release|Any CPU
		{DCD93EB5-6CCE-461D-9148-0386CD230B2D}.Debug|Any CPU.ActiveCfg = Debug|Any CPU
		{DCD93EB5-6CCE-461D-9148-0386CD230B2D}.Debug|Any CPU.Build.0 = Debug|Any CPU
		{DCD93EB5-6CCE-461D-9148-0386CD230B2D}.Release|Any CPU.ActiveCfg = Release|Any CPU
		{DCD93EB5-6CCE-461D-9148-0386CD230B2D}.Release|Any CPU.Build.0 = Release|Any CPU
	EndGlobalSection
	GlobalSection(SolutionProperties) = preSolution
		HideSolutionNode = FALSE
	EndGlobalSection
	GlobalSection(ExtensibilityGlobals) = postSolution
		SolutionGuid = {5A85A375-DE0A-4874-9237-F56293D20DC8}
	EndGlobalSection
EndGlobal
